
Microsoft Visual Studio Solution File, Format Version 12.00
# Visual Studio Version 17
VisualStudioVersion = 17.8.34316.72
MinimumVisualStudioVersion = 10.0.40219.1
Project("{FAE04EC0-301F-11D3-BF4B-00C04F79EFBC}") = "SerializableTest", "SerIalizableTest\SerializableTest.csproj", "{49215E0E-A769-47E5-B75F-C55564735043}"
EndProject
Global
	GlobalSection(SolutionConfigurationPlatforms) = preSolution
		Debug|Any CPU = Debug|Any CPU
		Release|Any CPU = Release|Any CPU
	EndGlobalSection
	GlobalSection(ProjectConfigurationPlatforms) = postSolution
		{49215E0E-A769-47E5-B75F-C55564735043}.Debug|Any CPU.ActiveCfg = Debug|Any CPU
		{49215E0E-A769-47E5-B75F-C55564735043}.Debug|Any CPU.Build.0 = Debug|Any CPU
		{49215E0E-A769-47E5-B75F-C55564735043}.Release|Any CPU.ActiveCfg = Release|Any CPU
		{49215E0E-A769-47E5-B75F-C55564735043}.Release|Any CPU.Build.0 = Release|Any CPU
	EndGlobalSection
	GlobalSection(SolutionProperties) = preSolution
		HideSolutionNode = FALSE
	EndGlobalSection
	GlobalSection(ExtensibilityGlobals) = postSolution
		SolutionGuid = {33D9291B-512E-40AA-9941-1FC81266BCE8}
	EndGlobalSection
EndGlobal
